// !$*UTF8*$!
{
	archiveVersion = 1;
	classes = {
	};
	objectVersion = 46;
	objects = {

/* Begin PBXBuildFile section */
		4FE1E3201AFA4D900072C2EA /* AppDelegate.swift in Sources */ = {isa = PBXBuildFile; fileRef = 4FE1E31F1AFA4D900072C2EA /* AppDelegate.swift */; };
		4FE1E3221AFA4D900072C2EA /* ViewController.swift in Sources */ = {isa = PBXBuildFile; fileRef = 4FE1E3211AFA4D900072C2EA /* ViewController.swift */; };
		4FE1E3251AFA4D900072C2EA /* Main.storyboard in Resources */ = {isa = PBXBuildFile; fileRef = 4FE1E3231AFA4D900072C2EA /* Main.storyboard */; };
		4FE1E3271AFA4D900072C2EA /* Images.xcassets in Resources */ = {isa = PBXBuildFile; fileRef = 4FE1E3261AFA4D900072C2EA /* Images.xcassets */; };
		4FE1E32A1AFA4D900072C2EA /* LaunchScreen.xib in Resources */ = {isa = PBXBuildFile; fileRef = 4FE1E3281AFA4D900072C2EA /* LaunchScreen.xib */; };
		4FE1E3361AFA4D900072C2EA /* LocalNotificationTests.swift in Sources */ = {isa = PBXBuildFile; fileRef = 4FE1E3351AFA4D900072C2EA /* LocalNotificationTests.swift */; };
/* End PBXBuildFile section */

/* Begin PBXContainerItemProxy section */
		4FE1E3301AFA4D900072C2EA /* PBXContainerItemProxy */ = {
			isa = PBXContainerItemProxy;
			containerPortal = 4FE1E3121AFA4D900072C2EA /* Project object */;
			proxyType = 1;
			remoteGlobalIDString = 4FE1E3191AFA4D900072C2EA;
			remoteInfo = LocalNotification;
		};
/* End PBXContainerItemProxy section */

/* Begin PBXFileReference section */
		4FE1E31A1AFA4D900072C2EA /* LocalNotification.app */ = {isa = PBXFileReference; explicitFileType = wrapper.application; includeInIndex = 0; path = LocalNotification.app; sourceTree = BUILT_PRODUCTS_DIR; };
		4FE1E31E1AFA4D900072C2EA /* Info.plist */ = {isa = PBXFileReference; lastKnownFileType = text.plist.xml; path = Info.plist; sourceTree = "<group>"; };
		4FE1E31F1AFA4D900072C2EA /* AppDelegate.swift */ = {isa = PBXFileReference; lastKnownFileType = sourcecode.swift; path = AppDelegate.swift; sourceTree = "<group>"; };
		4FE1E3211AFA4D900072C2EA /* ViewController.swift */ = {isa = PBXFileReference; lastKnownFileType = sourcecode.swift; path = ViewController.swift; sourceTree = "<group>"; };
		4FE1E3241AFA4D900072C2EA /* Base */ = {isa = PBXFileReference; lastKnownFileType = file.storyboard; name = Base; path = Base.lproj/Main.storyboard; sourceTree = "<group>"; };
		4FE1E3261AFA4D900072C2EA /* Images.xcassets */ = {isa = PBXFileReference; lastKnownFileType = folder.assetcatalog; path = Images.xcassets; sourceTree = "<group>"; };
		4FE1E3291AFA4D900072C2EA /* Base */ = {isa = PBXFileReference; lastKnownFileType = file.xib; name = Base; path = Base.lproj/LaunchScreen.xib; sourceTree = "<group>"; };
		4FE1E32F1AFA4D900072C2EA /* LocalNotificationTests.xctest */ = {isa = PBXFileReference; explicitFileType = wrapper.cfbundle; includeInIndex = 0; path = LocalNotificationTests.xctest; sourceTree = BUILT_PRODUCTS_DIR; };
		4FE1E3341AFA4D900072C2EA /* Info.plist */ = {isa = PBXFileReference; lastKnownFileType = text.plist.xml; path = Info.plist; sourceTree = "<group>"; };
		4FE1E3351AFA4D900072C2EA /* LocalNotificationTests.swift */ = {isa = PBXFileReference; lastKnownFileType = sourcecode.swift; path = LocalNotificationTests.swift; sourceTree = "<group>"; };
/* End PBXFileReference section */

/* Begin PBXFrameworksBuildPhase section */
		4FE1E3171AFA4D900072C2EA /* Frameworks */ = {
			isa = PBXFrameworksBuildPhase;
			buildActionMask = 2147483647;
			files = (
			);
			runOnlyForDeploymentPostprocessing = 0;
		};
		4FE1E32C1AFA4D900072C2EA /* Frameworks */ = {
			isa = PBXFrameworksBuildPhase;
			buildActionMask = 2147483647;
			files = (
			);
			runOnlyForDeploymentPostprocessing = 0;
		};
/* End PBXFrameworksBuildPhase section */

/* Begin PBXGroup section */
		4FE1E3111AFA4D900072C2EA = {
			isa = PBXGroup;
			children = (
				4FE1E31C1AFA4D900072C2EA /* LocalNotification */,
				4FE1E3321AFA4D900072C2EA /* LocalNotificationTests */,
				4FE1E31B1AFA4D900072C2EA /* Products */,
			);
			sourceTree = "<group>";
		};
		4FE1E31B1AFA4D900072C2EA /* Products */ = {
			isa = PBXGroup;
			children = (
				4FE1E31A1AFA4D900072C2EA /* LocalNotification.app */,
				4FE1E32F1AFA4D900072C2EA /* LocalNotificationTests.xctest */,
			);
			name = Products;
			sourceTree = "<group>";
		};
		4FE1E31C1AFA4D900072C2EA /* LocalNotification */ = {
			isa = PBXGroup;
			children = (
				4FE1E31D1AFA4D900072C2EA /* Supporting Files */,
				4FE1E3231AFA4D900072C2EA /* Main.storyboard */,
				4FE1E31F1AFA4D900072C2EA /* AppDelegate.swift */,
				4FE1E3211AFA4D900072C2EA /* ViewController.swift */,
			);
			path = LocalNotification;
			sourceTree = "<group>";
		};
		4FE1E31D1AFA4D900072C2EA /* Supporting Files */ = {
			isa = PBXGroup;
			children = (
				4FE1E3261AFA4D900072C2EA /* Images.xcassets */,
				4FE1E3281AFA4D900072C2EA /* LaunchScreen.xib */,
				4FE1E31E1AFA4D900072C2EA /* Info.plist */,
			);
			name = "Supporting Files";
			sourceTree = "<group>";
		};
		4FE1E3321AFA4D900072C2EA /* LocalNotificationTests */ = {
			isa = PBXGroup;
			children = (
				4FE1E3351AFA4D900072C2EA /* LocalNotificationTests.swift */,
				4FE1E3331AFA4D900072C2EA /* Supporting Files */,
			);
			path = LocalNotificationTests;
			sourceTree = "<group>";
		};
		4FE1E3331AFA4D900072C2EA /* Supporting Files */ = {
			isa = PBXGroup;
			children = (
				4FE1E3341AFA4D900072C2EA /* Info.plist */,
			);
			name = "Supporting Files";
			sourceTree = "<group>";
		};
/* End PBXGroup section */

/* Begin PBXNativeTarget section */
		4FE1E3191AFA4D900072C2EA /* LocalNotification */ = {
			isa = PBXNativeTarget;
			buildConfigurationList = 4FE1E3391AFA4D900072C2EA /* Build configuration list for PBXNativeTarget "LocalNotification" */;
			buildPhases = (
				4FE1E3161AFA4D900072C2EA /* Sources */,
				4FE1E3171AFA4D900072C2EA /* Frameworks */,
				4FE1E3181AFA4D900072C2EA /* Resources */,
			);
			buildRules = (
			);
			dependencies = (
			);
			name = LocalNotification;
			productName = LocalNotification;
			productReference = 4FE1E31A1AFA4D900072C2EA /* LocalNotification.app */;
			productType = "com.apple.product-type.application";
		};
		4FE1E32E1AFA4D900072C2EA /* LocalNotificationTests */ = {
			isa = PBXNativeTarget;
			buildConfigurationList = 4FE1E33C1AFA4D900072C2EA /* Build configuration list for PBXNativeTarget "LocalNotificationTests" */;
			buildPhases = (
				4FE1E32B1AFA4D900072C2EA /* Sources */,
				4FE1E32C1AFA4D900072C2EA /* Frameworks */,
				4FE1E32D1AFA4D900072C2EA /* Resources */,
			);
			buildRules = (
			);
			dependencies = (
				4FE1E3311AFA4D900072C2EA /* PBXTargetDependency */,
			);
			name = LocalNotificationTests;
			productName = LocalNotificationTests;
			productReference = 4FE1E32F1AFA4D900072C2EA /* LocalNotificationTests.xctest */;
			productType = "com.apple.product-type.bundle.unit-test";
		};
/* End PBXNativeTarget section */

/* Begin PBXProject section */
		4FE1E3121AFA4D900072C2EA /* Project object */ = {
			isa = PBXProject;
			attributes = {
				LastUpgradeCheck = 0630;
				ORGANIZATIONNAME = BAU;
				TargetAttributes = {
					4FE1E3191AFA4D900072C2EA = {
						CreatedOnToolsVersion = 6.3.1;
					};
					4FE1E32E1AFA4D900072C2EA = {
						CreatedOnToolsVersion = 6.3.1;
						TestTargetID = 4FE1E3191AFA4D900072C2EA;
					};
				};
			};
			buildConfigurationList = 4FE1E3151AFA4D900072C2EA /* Build configuration list for PBXProject "LocalNotification" */;
			compatibilityVersion = "Xcode 3.2";
			developmentRegion = English;
			hasScannedForEncodings = 0;
			knownRegions = (
				en,
				Base,
			);
			mainGroup = 4FE1E3111AFA4D900072C2EA;
			productRefGroup = 4FE1E31B1AFA4D900072C2EA /* Products */;
			projectDirPath = "";
			projectRoot = "";
			targets = (
				4FE1E3191AFA4D900072C2EA /* LocalNotification */,
				4FE1E32E1AFA4D900072C2EA /* LocalNotificationTests */,
			);
		};
/* End PBXProject section */

/* Begin PBXResourcesBuildPhase section */
		4FE1E3181AFA4D900072C2EA /* Resources */ = {
			isa = PBXResourcesBuildPhase;
			buildActionMask = 2147483647;
			files = (
				4FE1E3251AFA4D900072C2EA /* Main.storyboard in Resources */,
				4FE1E32A1AFA4D900072C2EA /* LaunchScreen.xib in Resources */,
				4FE1E3271AFA4D900072C2EA /* Images.xcassets in Resources */,
			);
			runOnlyForDeploymentPostprocessing = 0;
		};
		4FE1E32D1AFA4D900072C2EA /* Resources */ = {
			isa = PBXResourcesBuildPhase;
			buildActionMask = 2147483647;
			files = (
			);
			runOnlyForDeploymentPostprocessing = 0;
		};
/* End PBXResourcesBuildPhase section */

/* Begin PBXSourcesBuildPhase section */
		4FE1E3161AFA4D900072C2EA /* Sources */ = {
			isa = PBXSourcesBuildPhase;
			buildActionMask = 2147483647;
			files = (
				4FE1E3221AFA4D900072C2EA /* ViewController.swift in Sources */,
				4FE1E3201AFA4D900072C2EA /* AppDelegate.swift in Sources */,
			);
			runOnlyForDeploymentPostprocessing = 0;
		};
		4FE1E32B1AFA4D900072C2EA /* Sources */ = {
			isa = PBXSourcesBuildPhase;
			buildActionMask = 2147483647;
			files = (
				4FE1E3361AFA4D900072C2EA /* LocalNotificationTests.swift in Sources */,
			);
			runOnlyForDeploymentPostprocessing = 0;
		};
/* End PBXSourcesBuildPhase section */

/* Begin PBXTargetDependency section */
		4FE1E3311AFA4D900072C2EA /* PBXTargetDependency */ = {
			isa = PBXTargetDependency;
			target = 4FE1E3191AFA4D900072C2EA /* LocalNotification */;
			targetProxy = 4FE1E3301AFA4D900072C2EA /* PBXContainerItemProxy */;
		};
/* End PBXTargetDependency section */

/* Begin PBXVariantGroup section */
		4FE1E3231AFA4D900072C2EA /* Main.storyboard */ = {
			isa = PBXVariantGroup;
			children = (
				4FE1E3241AFA4D900072C2EA /* Base */,
			);
			name = Main.storyboard;
			sourceTree = "<group>";
		};
		4FE1E3281AFA4D900072C2EA /* LaunchScreen.xib */ = {
			isa = PBXVariantGroup;
			children = (
				4FE1E3291AFA4D900072C2EA /* Base */,
			);
			name = LaunchScreen.xib;
			sourceTree = "<group>";
		};
/* End PBXVariantGroup section */

/* Begin XCBuildConfiguration section */
		4FE1E3371AFA4D900072C2EA /* Debug */ = {
			isa = XCBuildConfiguration;
			buildSettings = {
				ALWAYS_SEARCH_USER_PATHS = NO;
				CLANG_CXX_LANGUAGE_STANDARD = "gnu++0x";
				CLANG_CXX_LIBRARY = "libc++";
				CLANG_ENABLE_MODULES = YES;
				CLANG_ENABLE_OBJC_ARC = YES;
				CLANG_WARN_BOOL_CONVERSION = YES;
				CLANG_WARN_CONSTANT_CONVERSION = YES;
				CLANG_WARN_DIRECT_OBJC_ISA_USAGE = YES_ERROR;
				CLANG_WARN_EMPTY_BODY = YES;
				CLANG_WARN_ENUM_CONVERSION = YES;
				CLANG_WARN_INT_CONVERSION = YES;
				CLANG_WARN_OBJC_ROOT_CLASS = YES_ERROR;
				CLANG_WARN_UNREACHABLE_CODE = YES;
				CLANG_WARN__DUPLICATE_METHOD_MATCH = YES;
				"CODE_SIGN_IDENTITY[sdk=iphoneos*]" = "iPhone Developer";
				COPY_PHASE_STRIP = NO;
				DEBUG_INFORMATION_FORMAT = "dwarf-with-dsym";
				ENABLE_STRICT_OBJC_MSGSEND = YES;
				GCC_C_LANGUAGE_STANDARD = gnu99;
				GCC_DYNAMIC_NO_PIC = NO;
				GCC_NO_COMMON_BLOCKS = YES;
				GCC_OPTIMIZATION_LEVEL = 0;
				GCC_PREPROCESSOR_DEFINITIONS = (
					"DEBUG=1",
					"$(inherited)",
				);
				GCC_SYMBOLS_PRIVATE_EXTERN = NO;
				GCC_WARN_64_TO_32_BIT_CONVERSION = YES;
				GCC_WARN_ABOUT_RETURN_TYPE = YES_ERROR;
				GCC_WARN_UNDECLARED_SELECTOR = YES;
				GCC_WARN_UNINITIALIZED_AUTOS = YES_AGGRESSIVE;
				GCC_WARN_UNUSED_FUNCTION = YES;
				GCC_WARN_UNUSED_VARIABLE = YES;
				IPHONEOS_DEPLOYMENT_TARGET = 8.3;
				MTL_ENABLE_DEBUG_INFO = YES;
				ONLY_ACTIVE_ARCH = YES;
				SDKROOT = iphoneos;
				SWIFT_OPTIMIZATION_LEVEL = "-Onone";
			};
			name = Debug;
		};
		4FE1E3381AFA4D900072C2EA /* Release */ = {
			isa = XCBuildConfiguration;
			buildSettings = {
				ALWAYS_SEARCH_USER_PATHS = NO;
				CLANG_CXX_LANGUAGE_STANDARD = "gnu++0x";
				CLANG_CXX_LIBRARY = "libc++";
				CLANG_ENABLE_MODULES = YES;
				CLANG_ENABLE_OBJC_ARC = YES;
				CLANG_WARN_BOOL_CONVERSION = YES;
				CLANG_WARN_CONSTANT_CONVERSION = YES;
				CLANG_WARN_DIRECT_OBJC_ISA_USAGE = YES_ERROR;
				CLANG_WARN_EMPTY_BODY = YES;
				CLANG_WARN_ENUM_CONVERSION = YES;
				CLANG_WARN_INT_CONVERSION = YES;
				CLANG_WARN_OBJC_ROOT_CLASS = YES_ERROR;
				CLANG_WARN_UNREACHABLE_CODE = YES;
				CLANG_WARN__DUPLICATE_METHOD_MATCH = YES;
				"CODE_SIGN_IDENTITY[sdk=iphoneos*]" = "iPhone Developer";
				COPY_PHASE_STRIP = NO;
				DEBUG_INFORMATION_FORMAT = "dwarf-with-dsym";
				ENABLE_NS_ASSERTIONS = NO;
				ENABLE_STRICT_OBJC_MSGSEND = YES;
				GCC_C_LANGUAGE_STANDARD = gnu99;
				GCC_NO_COMMON_BLOCKS = YES;
				GCC_WARN_64_TO_32_BIT_CONVERSION = YES;
				GCC_WARN_ABOUT_RETURN_TYPE = YES_ERROR;
				GCC_WARN_UNDECLARED_SELECTOR = YES;
				GCC_WARN_UNINITIALIZED_AUTOS = YES_AGGRESSIVE;
				GCC_WARN_UNUSED_FUNCTION = YES;
				GCC_WARN_UNUSED_VARIABLE = YES;
				IPHONEOS_DEPLOYMENT_TARGET = 8.3;
				MTL_ENABLE_DEBUG_INFO = NO;
				SDKROOT = iphoneos;
				VALIDATE_PRODUCT = YES;
			};
			name = Release;
		};
		4FE1E33A1AFA4D900072C2EA /* Debug */ = {
			isa = XCBuildConfiguration;
			buildSettings = {
				ASSETCATALOG_COMPILER_APPICON_NAME = AppIcon;
				INFOPLIST_FILE = LocalNotification/Info.plist;
				LD_RUNPATH_SEARCH_PATHS = "$(inherited) @executable_path/Frameworks";
				PRODUCT_NAME = "$(TARGET_NAME)";
			};
			name = Debug;
		};
		4FE1E33B1AFA4D900072C2EA /* Release */ = {
			isa = XCBuildConfiguration;
			buildSettings = {
				ASSETCATALOG_COMPILER_APPICON_NAME = AppIcon;
				INFOPLIST_FILE = LocalNotification/Info.plist;
				LD_RUNPATH_SEARCH_PATHS = "$(inherited) @executable_path/Frameworks";
				PRODUCT_NAME = "$(TARGET_NAME)";
			};
			name = Release;
		};
		4FE1E33D1AFA4D900072C2EA /* Debug */ = {
			isa = XCBuildConfiguration;
			buildSettings = {
				BUNDLE_LOADER = "$(TEST_HOST)";
				FRAMEWORK_SEARCH_PATHS = (
					"$(SDKROOT)/Developer/Library/Frameworks",
					"$(inherited)",
				);
				GCC_PREPROCESSOR_DEFINITIONS = (
					"DEBUG=1",
					"$(inherited)",
				);
				INFOPLIST_FILE = LocalNotificationTests/Info.plist;
				LD_RUNPATH_SEARCH_PATHS = "$(inherited) @executable_path/Frameworks @loader_path/Frameworks";
				PRODUCT_NAME = "$(TARGET_NAME)";
				TEST_HOST = "$(BUILT_PRODUCTS_DIR)/LocalNotification.app/LocalNotification";
			};
			name = Debug;
		};
		4FE1E33E1AFA4D900072C2EA /* Release */ = {
			isa = XCBuildConfiguration;
			buildSettings = {
				BUNDLE_LOADER = "$(TEST_HOST)";
				FRAMEWORK_SEARCH_PATHS = (
					"$(SDKROOT)/Developer/Library/Frameworks",
					"$(inherited)",
				);
				INFOPLIST_FILE = LocalNotificationTests/Info.plist;
				LD_RUNPATH_SEARCH_PATHS = "$(inherited) @executable_path/Frameworks @loader_path/Frameworks";
				PRODUCT_NAME = "$(TARGET_NAME)";
				TEST_HOST = "$(BUILT_PRODUCTS_DIR)/LocalNotification.app/LocalNotification";
			};
			name = Release;
		};
/* End XCBuildConfiguration section */

/* Begin XCConfigurationList section */
		4FE1E3151AFA4D900072C2EA /* Build configuration list for PBXProject "LocalNotification" */ = {
			isa = XCConfigurationList;
			buildConfigurations = (
				4FE1E3371AFA4D900072C2EA /* Debug */,
				4FE1E3381AFA4D900072C2EA /* Release */,
			);
			defaultConfigurationIsVisible = 0;
			defaultConfigurationName = Release;
		};
		4FE1E3391AFA4D900072C2EA /* Build configuration list for PBXNativeTarget "LocalNotification" */ = {
			isa = XCConfigurationList;
			buildConfigurations = (
				4FE1E33A1AFA4D900072C2EA /* Debug */,
				4FE1E33B1AFA4D900072C2EA /* Release */,
			);
			defaultConfigurationIsVisible = 0;
			defaultConfigurationName = Release;
		};
		4FE1E33C1AFA4D900072C2EA /* Build configuration list for PBXNativeTarget "LocalNotificationTests" */ = {
			isa = XCConfigurationList;
			buildConfigurations = (
				4FE1E33D1AFA4D900072C2EA /* Debug */,
				4FE1E33E1AFA4D900072C2EA /* Release */,
			);
			defaultConfigurationIsVisible = 0;
			defaultConfigurationName = Release;
		};
/* End XCConfigurationList section */
	};
	rootObject = 4FE1E3121AFA4D900072C2EA /* Project object */;
}
